
Microsoft Visual Studio Solution File, Format Version 12.00
# Visual Studio 15
Project("{FAE04EC0-301F-11D3-BF4B-00C04F79EFBC}") = "RoomSurveyor", "RoomSurveyor\RoomSurveyor.csproj", "{8A8618EF-23BE-40F7-96A1-0B05FAD32453}"
EndProject
Global
	GlobalSection(SolutionConfigurationPlatforms) = preSolution
		Debug|Any CPU = Debug|Any CPU
		Release|Any CPU = Release|Any CPU
	EndGlobalSection
	GlobalSection(ProjectConfigurationPlatforms) = postSolution
		{8A8618EF-23BE-40F7-96A1-0B05FAD32453}.Debug|Any CPU.ActiveCfg = Debug|Any CPU
		{8A8618EF-23BE-40F7-96A1-0B05FAD32453}.Debug|Any CPU.Build.0 = Debug|Any CPU
		{8A8618EF-23BE-40F7-96A1-0B05FAD32453}.Release|Any CPU.ActiveCfg = Release|Any CPU
		{8A8618EF-23BE-40F7-96A1-0B05FAD32453}.Release|Any CPU.Build.0 = Release|Any CPU
	EndGlobalSection
	GlobalSection(MonoDevelopProperties) = preSolution
		Policies = $0
		$0.DotNetNamingPolicy = $1
		$1.DirectoryNamespaceAssociation = PrefixedHierarchical
		$0.TextStylePolicy = $2
		$2.inheritsSet = null
		$2.scope = text/x-csharp
		$0.CSharpFormattingPolicy = $3
		$3.scope = text/x-csharp
		$0.VersionControlPolicy = $4
		version = 0.7.0.1
	EndGlobalSection
EndGlobal
